
Microsoft Visual Studio Solution File, Format Version 12.00
# Visual Studio Version 16
VisualStudioVersion = 16.0.31624.102
MinimumVisualStudioVersion = 10.0.40219.1
Project("{9A19103F-16F7-4668-BE54-9A1E7A4F7556}") = "EPAYMENT", "EPAYMENT\EPAYMENT.csproj", "{670DB4FE-ED94-4051-96FE-7DF69215052F}"
EndProject
Project("{9A19103F-16F7-4668-BE54-9A1E7A4F7556}") = "EPAYMENT.TEST", "EPAYMENT.TEST\EPAYMENT.TEST.csproj", "{93FB9063-5A16-46E5-8E77-7729ECF77D48}"
EndProject
Project("{2150E333-8FDC-42A3-9474-1A3956D46DE8}") = "docs", "docs", "{57BDADDD-9CA4-4E0C-8E96-F084AE9138AA}"
	ProjectSection(SolutionItems) = preProject
		Epayment.PNG = Epayment.PNG
	EndProjectSection
EndProject
Global
	GlobalSection(SolutionConfigurationPlatforms) = preSolution
		Debug|Any CPU = Debug|Any CPU
		Release|Any CPU = Release|Any CPU
	EndGlobalSection
	GlobalSection(ProjectConfigurationPlatforms) = postSolution
		{670DB4FE-ED94-4051-96FE-7DF69215052F}.Debug|Any CPU.ActiveCfg = Debug|Any CPU
		{670DB4FE-ED94-4051-96FE-7DF69215052F}.Debug|Any CPU.Build.0 = Debug|Any CPU
		{670DB4FE-ED94-4051-96FE-7DF69215052F}.Release|Any CPU.ActiveCfg = Release|Any CPU
		{670DB4FE-ED94-4051-96FE-7DF69215052F}.Release|Any CPU.Build.0 = Release|Any CPU
		{93FB9063-5A16-46E5-8E77-7729ECF77D48}.Debug|Any CPU.ActiveCfg = Debug|Any CPU
		{93FB9063-5A16-46E5-8E77-7729ECF77D48}.Debug|Any CPU.Build.0 = Debug|Any CPU
		{93FB9063-5A16-46E5-8E77-7729ECF77D48}.Release|Any CPU.ActiveCfg = Release|Any CPU
		{93FB9063-5A16-46E5-8E77-7729ECF77D48}.Release|Any CPU.Build.0 = Release|Any CPU
	EndGlobalSection
	GlobalSection(SolutionProperties) = preSolution
		HideSolutionNode = FALSE
	EndGlobalSection
	GlobalSection(ExtensibilityGlobals) = postSolution
		SolutionGuid = {DAA9AE51-92E2-4AD7-A2BA-EAFF9EF2E1C8}
	EndGlobalSection
EndGlobal
